// !$*UTF8*$!
{
	archiveVersion = 1;
	classes = {
	};
	objectVersion = 46;
	objects = {

/* Begin PBXBuildFile section */
		220D8D191E1BB55700AC46FE /* Asteroid.swift in Sources */ = {isa = PBXBuildFile; fileRef = 220D8D181E1BB55700AC46FE /* Asteroid.swift */; };
		22120CC71F3FC2790013F35C /* dead.mp3 in Resources */ = {isa = PBXBuildFile; fileRef = 22120CC61F3FC2790013F35C /* dead.mp3 */; };
		224880571E10CB14003E732E /* MainMenuViewController.swift in Sources */ = {isa = PBXBuildFile; fileRef = 224880561E10CB14003E732E /* MainMenuViewController.swift */; };
		224880591E10CB34003E732E /* GameOverViewController.swift in Sources */ = {isa = PBXBuildFile; fileRef = 224880581E10CB34003E732E /* GameOverViewController.swift */; };
		2248806B1E1612C3003E732E /* GameScene.swift in Sources */ = {isa = PBXBuildFile; fileRef = 2248806A1E1612C3003E732E /* GameScene.swift */; };
		226A97B31E1DDF6A0096515A /* Assets.swift in Sources */ = {isa = PBXBuildFile; fileRef = 226A97B21E1DDF6A0096515A /* Assets.swift */; };
		226A97B51E1DFFF40096515A /* Launch Screen.storyboard in Resources */ = {isa = PBXBuildFile; fileRef = 226A97B41E1DFFF40096515A /* Launch Screen.storyboard */; };
		2276447F1ED40B4E00A4230B /* 04B_19__.TTF in Resources */ = {isa = PBXBuildFile; fileRef = 2276447D1ED40B4E00A4230B /* 04B_19__.TTF */; };
		227644801ED40B4E00A4230B /* about.gif in Resources */ = {isa = PBXBuildFile; fileRef = 2276447E1ED40B4E00A4230B /* about.gif */; };
		22CAF7261E8E51400024C89B /* FallingNode.swift in Sources */ = {isa = PBXBuildFile; fileRef = 22CAF7251E8E51400024C89B /* FallingNode.swift */; };
		22E432871E20B37E00E22BF4 /* PlayerSprite.swift in Sources */ = {isa = PBXBuildFile; fileRef = 22E432861E20B37E00E22BF4 /* PlayerSprite.swift */; };
		22EE2EE51DDC0D99003188BD /* AppDelegate.swift in Sources */ = {isa = PBXBuildFile; fileRef = 22EE2EE41DDC0D99003188BD /* AppDelegate.swift */; };
		22EE2EED1DDC0D99003188BD /* GameViewController.swift in Sources */ = {isa = PBXBuildFile; fileRef = 22EE2EEC1DDC0D99003188BD /* GameViewController.swift */; };
		22EE2EF01DDC0D99003188BD /* Main.storyboard in Resources */ = {isa = PBXBuildFile; fileRef = 22EE2EEE1DDC0D99003188BD /* Main.storyboard */; };
		22EE2EF21DDC0D99003188BD /* Assets.xcassets in Resources */ = {isa = PBXBuildFile; fileRef = 22EE2EF11DDC0D99003188BD /* Assets.xcassets */; };
		22EE2F001DDC0D99003188BD /* Space_GameTests.swift in Sources */ = {isa = PBXBuildFile; fileRef = 22EE2EFF1DDC0D99003188BD /* Space_GameTests.swift */; };
		22EE2F0B1DDC0D99003188BD /* Space_GameUITests.swift in Sources */ = {isa = PBXBuildFile; fileRef = 22EE2F0A1DDC0D99003188BD /* Space_GameUITests.swift */; };
		3574303F0031F13146806426 /* Pods_Space_GameUITests.framework in Frameworks */ = {isa = PBXBuildFile; fileRef = 1F897859856726667D39A2E2 /* Pods_Space_GameUITests.framework */; };
		AEF3C995251332BCBAC609C2 /* Pods_Space_Game.framework in Frameworks */ = {isa = PBXBuildFile; fileRef = 7640BAA3AF5D9F3918F75F21 /* Pods_Space_Game.framework */; };
		C78E773AF04B4531A289C59B /* Pods_Space_GameTests.framework in Frameworks */ = {isa = PBXBuildFile; fileRef = E328D094342F4BC3663CB1AF /* Pods_Space_GameTests.framework */; };
/* End PBXBuildFile section */

/* Begin PBXContainerItemProxy section */
		22EE2EFC1DDC0D99003188BD /* PBXContainerItemProxy */ = {
			isa = PBXContainerItemProxy;
			containerPortal = 22EE2ED91DDC0D98003188BD /* Project object */;
			proxyType = 1;
			remoteGlobalIDString = 22EE2EE01DDC0D98003188BD;
			remoteInfo = "Space Game";
		};
		22EE2F071DDC0D99003188BD /* PBXContainerItemProxy */ = {
			isa = PBXContainerItemProxy;
			containerPortal = 22EE2ED91DDC0D98003188BD /* Project object */;
			proxyType = 1;
			remoteGlobalIDString = 22EE2EE01DDC0D98003188BD;
			remoteInfo = "Space Game";
		};
/* End PBXContainerItemProxy section */

/* Begin PBXFileReference section */
		1F897859856726667D39A2E2 /* Pods_Space_GameUITests.framework */ = {isa = PBXFileReference; explicitFileType = wrapper.framework; includeInIndex = 0; path = Pods_Space_GameUITests.framework; sourceTree = BUILT_PRODUCTS_DIR; };
		220D8D181E1BB55700AC46FE /* Asteroid.swift */ = {isa = PBXFileReference; fileEncoding = 4; lastKnownFileType = sourcecode.swift; path = Asteroid.swift; sourceTree = "<group>"; };
		22120CC61F3FC2790013F35C /* dead.mp3 */ = {isa = PBXFileReference; lastKnownFileType = audio.mp3; path = dead.mp3; sourceTree = "<group>"; };
		224880561E10CB14003E732E /* MainMenuViewController.swift */ = {isa = PBXFileReference; fileEncoding = 4; lastKnownFileType = sourcecode.swift; path = MainMenuViewController.swift; sourceTree = "<group>"; };
		224880581E10CB34003E732E /* GameOverViewController.swift */ = {isa = PBXFileReference; fileEncoding = 4; lastKnownFileType = sourcecode.swift; path = GameOverViewController.swift; sourceTree = "<group>"; };
		2248806A1E1612C3003E732E /* GameScene.swift */ = {isa = PBXFileReference; fileEncoding = 4; lastKnownFileType = sourcecode.swift; path = GameScene.swift; sourceTree = "<group>"; };
		226A97B21E1DDF6A0096515A /* Assets.swift */ = {isa = PBXFileReference; fileEncoding = 4; lastKnownFileType = sourcecode.swift; path = Assets.swift; sourceTree = "<group>"; };
		226A97B41E1DFFF40096515A /* Launch Screen.storyboard */ = {isa = PBXFileReference; fileEncoding = 4; lastKnownFileType = file.storyboard; path = "Launch Screen.storyboard"; sourceTree = "<group>"; };
		2276447D1ED40B4E00A4230B /* 04B_19__.TTF */ = {isa = PBXFileReference; lastKnownFileType = file; path = 04B_19__.TTF; sourceTree = "<group>"; };
		2276447E1ED40B4E00A4230B /* about.gif */ = {isa = PBXFileReference; lastKnownFileType = image.gif; path = about.gif; sourceTree = "<group>"; };
		22CAF7251E8E51400024C89B /* FallingNode.swift */ = {isa = PBXFileReference; fileEncoding = 4; lastKnownFileType = sourcecode.swift; path = FallingNode.swift; sourceTree = "<group>"; };
		22E432861E20B37E00E22BF4 /* PlayerSprite.swift */ = {isa = PBXFileReference; fileEncoding = 4; lastKnownFileType = sourcecode.swift; path = PlayerSprite.swift; sourceTree = "<group>"; };
		22EE2EE11DDC0D99003188BD /* Astro Dash.app */ = {isa = PBXFileReference; explicitFileType = wrapper.application; includeInIndex = 0; path = "Astro Dash.app"; sourceTree = BUILT_PRODUCTS_DIR; };
		22EE2EE41DDC0D99003188BD /* AppDelegate.swift */ = {isa = PBXFileReference; lastKnownFileType = sourcecode.swift; path = AppDelegate.swift; sourceTree = "<group>"; };
		22EE2EEC1DDC0D99003188BD /* GameViewController.swift */ = {isa = PBXFileReference; lastKnownFileType = sourcecode.swift; path = GameViewController.swift; sourceTree = "<group>"; };
		22EE2EEF1DDC0D99003188BD /* Base */ = {isa = PBXFileReference; lastKnownFileType = file.storyboard; name = Base; path = Base.lproj/Main.storyboard; sourceTree = "<group>"; };
		22EE2EF11DDC0D99003188BD /* Assets.xcassets */ = {isa = PBXFileReference; lastKnownFileType = folder.assetcatalog; path = Assets.xcassets; sourceTree = "<group>"; };
		22EE2EF61DDC0D99003188BD /* Info.plist */ = {isa = PBXFileReference; lastKnownFileType = text.plist.xml; path = Info.plist; sourceTree = "<group>"; };
		22EE2EFB1DDC0D99003188BD /* Astro DashTests.xctest */ = {isa = PBXFileReference; explicitFileType = wrapper.cfbundle; includeInIndex = 0; path = "Astro DashTests.xctest"; sourceTree = BUILT_PRODUCTS_DIR; };
		22EE2EFF1DDC0D99003188BD /* Space_GameTests.swift */ = {isa = PBXFileReference; lastKnownFileType = sourcecode.swift; path = Space_GameTests.swift; sourceTree = "<group>"; };
		22EE2F011DDC0D99003188BD /* Info.plist */ = {isa = PBXFileReference; lastKnownFileType = text.plist.xml; path = Info.plist; sourceTree = "<group>"; };
		22EE2F061DDC0D99003188BD /* Astro DashUITests.xctest */ = {isa = PBXFileReference; explicitFileType = wrapper.cfbundle; includeInIndex = 0; path = "Astro DashUITests.xctest"; sourceTree = BUILT_PRODUCTS_DIR; };
		22EE2F0A1DDC0D99003188BD /* Space_GameUITests.swift */ = {isa = PBXFileReference; lastKnownFileType = sourcecode.swift; path = Space_GameUITests.swift; sourceTree = "<group>"; };
		22EE2F0C1DDC0D99003188BD /* Info.plist */ = {isa = PBXFileReference; lastKnownFileType = text.plist.xml; path = Info.plist; sourceTree = "<group>"; };
		282366C8B0D2E462FA6DFA6A /* Pods-Space GameUITests.release.xcconfig */ = {isa = PBXFileReference; includeInIndex = 1; lastKnownFileType = text.xcconfig; name = "Pods-Space GameUITests.release.xcconfig"; path = "Pods/Target Support Files/Pods-Space GameUITests/Pods-Space GameUITests.release.xcconfig"; sourceTree = "<group>"; };
		2B6215B5EC945B17D26D3F11 /* Pods-Space Game.release.xcconfig */ = {isa = PBXFileReference; includeInIndex = 1; lastKnownFileType = text.xcconfig; name = "Pods-Space Game.release.xcconfig"; path = "Pods/Target Support Files/Pods-Space Game/Pods-Space Game.release.xcconfig"; sourceTree = "<group>"; };
		2F323A13BB63EE13514F04EB /* Pods-Space GameUITests.debug.xcconfig */ = {isa = PBXFileReference; includeInIndex = 1; lastKnownFileType = text.xcconfig; name = "Pods-Space GameUITests.debug.xcconfig"; path = "Pods/Target Support Files/Pods-Space GameUITests/Pods-Space GameUITests.debug.xcconfig"; sourceTree = "<group>"; };
		75AEF76A6AA17C0C2F3B6F6F /* Pods-Space GameTests.release.xcconfig */ = {isa = PBXFileReference; includeInIndex = 1; lastKnownFileType = text.xcconfig; name = "Pods-Space GameTests.release.xcconfig"; path = "Pods/Target Support Files/Pods-Space GameTests/Pods-Space GameTests.release.xcconfig"; sourceTree = "<group>"; };
		7640BAA3AF5D9F3918F75F21 /* Pods_Space_Game.framework */ = {isa = PBXFileReference; explicitFileType = wrapper.framework; includeInIndex = 0; path = Pods_Space_Game.framework; sourceTree = BUILT_PRODUCTS_DIR; };
		7FB1339CEEE71058ABC2B444 /* Pods-Space Game.debug.xcconfig */ = {isa = PBXFileReference; includeInIndex = 1; lastKnownFileType = text.xcconfig; name = "Pods-Space Game.debug.xcconfig"; path = "Pods/Target Support Files/Pods-Space Game/Pods-Space Game.debug.xcconfig"; sourceTree = "<group>"; };
		DF66165378E016C93E0F3BFC /* Pods-Space GameTests.debug.xcconfig */ = {isa = PBXFileReference; includeInIndex = 1; lastKnownFileType = text.xcconfig; name = "Pods-Space GameTests.debug.xcconfig"; path = "Pods/Target Support Files/Pods-Space GameTests/Pods-Space GameTests.debug.xcconfig"; sourceTree = "<group>"; };
		E328D094342F4BC3663CB1AF /* Pods_Space_GameTests.framework */ = {isa = PBXFileReference; explicitFileType = wrapper.framework; includeInIndex = 0; path = Pods_Space_GameTests.framework; sourceTree = BUILT_PRODUCTS_DIR; };
/* End PBXFileReference section */

/* Begin PBXFrameworksBuildPhase section */
		22EE2EDE1DDC0D98003188BD /* Frameworks */ = {
			isa = PBXFrameworksBuildPhase;
			buildActionMask = 2147483647;
			files = (
				AEF3C995251332BCBAC609C2 /* Pods_Space_Game.framework in Frameworks */,
			);
			runOnlyForDeploymentPostprocessing = 0;
		};
		22EE2EF81DDC0D99003188BD /* Frameworks */ = {
			isa = PBXFrameworksBuildPhase;
			buildActionMask = 2147483647;
			files = (
				C78E773AF04B4531A289C59B /* Pods_Space_GameTests.framework in Frameworks */,
			);
			runOnlyForDeploymentPostprocessing = 0;
		};
		22EE2F031DDC0D99003188BD /* Frameworks */ = {
			isa = PBXFrameworksBuildPhase;
			buildActionMask = 2147483647;
			files = (
				3574303F0031F13146806426 /* Pods_Space_GameUITests.framework in Frameworks */,
			);
			runOnlyForDeploymentPostprocessing = 0;
		};
/* End PBXFrameworksBuildPhase section */

/* Begin PBXGroup section */
		220D8D151E1BAB5100AC46FE /* gameobject */ = {
			isa = PBXGroup;
			children = (
				220D8D181E1BB55700AC46FE /* Asteroid.swift */,
				22E432861E20B37E00E22BF4 /* PlayerSprite.swift */,
				22CAF7251E8E51400024C89B /* FallingNode.swift */,
			);
			name = gameobject;
			sourceTree = "<group>";
		};
		2248806C1E17A64B003E732E /* supporting files */ = {
			isa = PBXGroup;
			children = (
				226A97B21E1DDF6A0096515A /* Assets.swift */,
				22EE2EE41DDC0D99003188BD /* AppDelegate.swift */,
				22EE2EF61DDC0D99003188BD /* Info.plist */,
			);
			name = "supporting files";
			sourceTree = "<group>";
		};
		224C5A491F305D1A00A0C9CC /* sounds */ = {
			isa = PBXGroup;
			children = (
				22120CC61F3FC2790013F35C /* dead.mp3 */,
			);
			name = sounds;
			sourceTree = "<group>";
		};
		2263785D1ED12E20003B1505 /* resources */ = {
			isa = PBXGroup;
			children = (
				224C5A491F305D1A00A0C9CC /* sounds */,
				2299E7371ECFE46300711E46 /* fonts */,
				22EE2EF11DDC0D99003188BD /* Assets.xcassets */,
			);
			name = resources;
			sourceTree = "<group>";
		};
		227644741ED14DA600A4230B /* Frameworks */ = {
			isa = PBXGroup;
			children = (
				7640BAA3AF5D9F3918F75F21 /* Pods_Space_Game.framework */,
				E328D094342F4BC3663CB1AF /* Pods_Space_GameTests.framework */,
				1F897859856726667D39A2E2 /* Pods_Space_GameUITests.framework */,
			);
			name = Frameworks;
			sourceTree = "<group>";
		};
		2299E7371ECFE46300711E46 /* fonts */ = {
			isa = PBXGroup;
			children = (
				2276447D1ED40B4E00A4230B /* 04B_19__.TTF */,
				2276447E1ED40B4E00A4230B /* about.gif */,
			);
			name = fonts;
			sourceTree = "<group>";
		};
		22D45E561E0239AB0092C5FD /* mainmenuview */ = {
			isa = PBXGroup;
			children = (
				224880561E10CB14003E732E /* MainMenuViewController.swift */,
			);
			name = mainmenuview;
			sourceTree = "<group>";
		};
		22D45E571E0239C60092C5FD /* gameview */ = {
			isa = PBXGroup;
			children = (
				220D8D151E1BAB5100AC46FE /* gameobject */,
				2248806A1E1612C3003E732E /* GameScene.swift */,
				22EE2EEC1DDC0D99003188BD /* GameViewController.swift */,
			);
			name = gameview;
			sourceTree = "<group>";
		};
		22D45E581E0239D70092C5FD /* gameoverview */ = {
			isa = PBXGroup;
			children = (
				224880581E10CB34003E732E /* GameOverViewController.swift */,
			);
			name = gameoverview;
			sourceTree = "<group>";
		};
		22D45E5B1E02582F0092C5FD /* launchview */ = {
			isa = PBXGroup;
			children = (
				226A97B41E1DFFF40096515A /* Launch Screen.storyboard */,
			);
			name = launchview;
			path = ..;
			sourceTree = "<group>";
		};
		22EE2ED81DDC0D98003188BD = {
			isa = PBXGroup;
			children = (
				22EE2EE31DDC0D99003188BD /* Astro Dash */,
				22EE2EFE1DDC0D99003188BD /* Space GameTests */,
				22EE2F091DDC0D99003188BD /* Space GameUITests */,
				22EE2EE21DDC0D99003188BD /* Products */,
				227644741ED14DA600A4230B /* Frameworks */,
				6285D1F04C1ED5BCC90BEAFD /* Pods */,
			);
			sourceTree = "<group>";
		};
		22EE2EE21DDC0D99003188BD /* Products */ = {
			isa = PBXGroup;
			children = (
				22EE2EE11DDC0D99003188BD /* Astro Dash.app */,
				22EE2EFB1DDC0D99003188BD /* Astro DashTests.xctest */,
				22EE2F061DDC0D99003188BD /* Astro DashUITests.xctest */,
			);
			name = Products;
			sourceTree = "<group>";
		};
		22EE2EE31DDC0D99003188BD /* Astro Dash */ = {
			isa = PBXGroup;
			children = (
				22EE2EEE1DDC0D99003188BD /* Main.storyboard */,
				2263785D1ED12E20003B1505 /* resources */,
				22D45E5B1E02582F0092C5FD /* launchview */,
				22D45E561E0239AB0092C5FD /* mainmenuview */,
				22D45E571E0239C60092C5FD /* gameview */,
				22D45E581E0239D70092C5FD /* gameoverview */,
				2248806C1E17A64B003E732E /* supporting files */,
			);
			name = "Astro Dash";
			path = "Space Game";
			sourceTree = "<group>";
		};
		22EE2EFE1DDC0D99003188BD /* Space GameTests */ = {
			isa = PBXGroup;
			children = (
				22EE2EFF1DDC0D99003188BD /* Space_GameTests.swift */,
				22EE2F011DDC0D99003188BD /* Info.plist */,
			);
			path = "Space GameTests";
			sourceTree = "<group>";
		};
		22EE2F091DDC0D99003188BD /* Space GameUITests */ = {
			isa = PBXGroup;
			children = (
				22EE2F0A1DDC0D99003188BD /* Space_GameUITests.swift */,
				22EE2F0C1DDC0D99003188BD /* Info.plist */,
			);
			path = "Space GameUITests";
			sourceTree = "<group>";
		};
		6285D1F04C1ED5BCC90BEAFD /* Pods */ = {
			isa = PBXGroup;
			children = (
				7FB1339CEEE71058ABC2B444 /* Pods-Space Game.debug.xcconfig */,
				2B6215B5EC945B17D26D3F11 /* Pods-Space Game.release.xcconfig */,
				DF66165378E016C93E0F3BFC /* Pods-Space GameTests.debug.xcconfig */,
				75AEF76A6AA17C0C2F3B6F6F /* Pods-Space GameTests.release.xcconfig */,
				2F323A13BB63EE13514F04EB /* Pods-Space GameUITests.debug.xcconfig */,
				282366C8B0D2E462FA6DFA6A /* Pods-Space GameUITests.release.xcconfig */,
			);
			name = Pods;
			sourceTree = "<group>";
		};
/* End PBXGroup section */

/* Begin PBXNativeTarget section */
		22EE2EE01DDC0D98003188BD /* Astro Dash */ = {
			isa = PBXNativeTarget;
			buildConfigurationList = 22EE2F0F1DDC0D99003188BD /* Build configuration list for PBXNativeTarget "Astro Dash" */;
			buildPhases = (
				5DD7250FC7BE83B5F9D2DB5F /* [CP] Check Pods Manifest.lock */,
				22EE2EDD1DDC0D98003188BD /* Sources */,
				22EE2EDE1DDC0D98003188BD /* Frameworks */,
				22EE2EDF1DDC0D98003188BD /* Resources */,
				DED79348D022B4CA69308A89 /* [CP] Embed Pods Frameworks */,
				A210DC909FA9C42E4EFAD5D7 /* [CP] Copy Pods Resources */,
			);
			buildRules = (
			);
			dependencies = (
			);
			name = "Astro Dash";
			productName = "Space Game";
			productReference = 22EE2EE11DDC0D99003188BD /* Astro Dash.app */;
			productType = "com.apple.product-type.application";
		};
		22EE2EFA1DDC0D99003188BD /* Astro DashTests */ = {
			isa = PBXNativeTarget;
			buildConfigurationList = 22EE2F121DDC0D99003188BD /* Build configuration list for PBXNativeTarget "Astro DashTests" */;
			buildPhases = (
				7AF5E2A944489B325067ED4E /* [CP] Check Pods Manifest.lock */,
				22EE2EF71DDC0D99003188BD /* Sources */,
				22EE2EF81DDC0D99003188BD /* Frameworks */,
				22EE2EF91DDC0D99003188BD /* Resources */,
				F4F09BC2135DDD32B87A08AF /* [CP] Embed Pods Frameworks */,
				CCC0C47A55B4132753B143F7 /* [CP] Copy Pods Resources */,
			);
			buildRules = (
			);
			dependencies = (
				22EE2EFD1DDC0D99003188BD /* PBXTargetDependency */,
			);
			name = "Astro DashTests";
			productName = "Space GameTests";
			productReference = 22EE2EFB1DDC0D99003188BD /* Astro DashTests.xctest */;
			productType = "com.apple.product-type.bundle.unit-test";
		};
		22EE2F051DDC0D99003188BD /* Astro DashUITests */ = {
			isa = PBXNativeTarget;
			buildConfigurationList = 22EE2F151DDC0D99003188BD /* Build configuration list for PBXNativeTarget "Astro DashUITests" */;
			buildPhases = (
				D549D4B599C3DC8E91E5D89A /* [CP] Check Pods Manifest.lock */,
				22EE2F021DDC0D99003188BD /* Sources */,
				22EE2F031DDC0D99003188BD /* Frameworks */,
				22EE2F041DDC0D99003188BD /* Resources */,
				6236164E1896624E4B67E530 /* [CP] Embed Pods Frameworks */,
				BA35368404FD51FA072066FD /* [CP] Copy Pods Resources */,
			);
			buildRules = (
			);
			dependencies = (
				22EE2F081DDC0D99003188BD /* PBXTargetDependency */,
			);
			name = "Astro DashUITests";
			productName = "Space GameUITests";
			productReference = 22EE2F061DDC0D99003188BD /* Astro DashUITests.xctest */;
			productType = "com.apple.product-type.bundle.ui-testing";
		};
/* End PBXNativeTarget section */

/* Begin PBXProject section */
		22EE2ED91DDC0D98003188BD /* Project object */ = {
			isa = PBXProject;
			attributes = {
				LastSwiftUpdateCheck = 0810;
				LastUpgradeCheck = 0830;
				ORGANIZATIONNAME = "mhm Entertainment";
				TargetAttributes = {
					22EE2EE01DDC0D98003188BD = {
						CreatedOnToolsVersion = 8.1;
						DevelopmentTeam = CPTJ8TDH92;
						LastSwiftMigration = 0820;
						ProvisioningStyle = Automatic;
						SystemCapabilities = {
							com.apple.HomeKit = {
								enabled = 0;
							};
							com.apple.Keychain = {
								enabled = 0;
							};
						};
					};
					22EE2EFA1DDC0D99003188BD = {
						CreatedOnToolsVersion = 8.1;
						DevelopmentTeam = CPTJ8TDH92;
						LastSwiftMigration = 0820;
						ProvisioningStyle = Automatic;
						TestTargetID = 22EE2EE01DDC0D98003188BD;
					};
					22EE2F051DDC0D99003188BD = {
						CreatedOnToolsVersion = 8.1;
						DevelopmentTeam = CPTJ8TDH92;
						LastSwiftMigration = 0820;
						ProvisioningStyle = Automatic;
						TestTargetID = 22EE2EE01DDC0D98003188BD;
					};
				};
			};
			buildConfigurationList = 22EE2EDC1DDC0D98003188BD /* Build configuration list for PBXProject "Astro Dash" */;
			compatibilityVersion = "Xcode 3.2";
			developmentRegion = English;
			hasScannedForEncodings = 0;
			knownRegions = (
				en,
				Base,
			);
			mainGroup = 22EE2ED81DDC0D98003188BD;
			productRefGroup = 22EE2EE21DDC0D99003188BD /* Products */;
			projectDirPath = "";
			projectRoot = "";
			targets = (
				22EE2EE01DDC0D98003188BD /* Astro Dash */,
				22EE2EFA1DDC0D99003188BD /* Astro DashTests */,
				22EE2F051DDC0D99003188BD /* Astro DashUITests */,
			);
		};
/* End PBXProject section */

/* Begin PBXResourcesBuildPhase section */
		22EE2EDF1DDC0D98003188BD /* Resources */ = {
			isa = PBXResourcesBuildPhase;
			buildActionMask = 2147483647;
			files = (
				227644801ED40B4E00A4230B /* about.gif in Resources */,
				2276447F1ED40B4E00A4230B /* 04B_19__.TTF in Resources */,
				22120CC71F3FC2790013F35C /* dead.mp3 in Resources */,
				22EE2EF01DDC0D99003188BD /* Main.storyboard in Resources */,
				226A97B51E1DFFF40096515A /* Launch Screen.storyboard in Resources */,
				22EE2EF21DDC0D99003188BD /* Assets.xcassets in Resources */,
			);
			runOnlyForDeploymentPostprocessing = 0;
		};
		22EE2EF91DDC0D99003188BD /* Resources */ = {
			isa = PBXResourcesBuildPhase;
			buildActionMask = 2147483647;
			files = (
			);
			runOnlyForDeploymentPostprocessing = 0;
		};
		22EE2F041DDC0D99003188BD /* Resources */ = {
			isa = PBXResourcesBuildPhase;
			buildActionMask = 2147483647;
			files = (
			);
			runOnlyForDeploymentPostprocessing = 0;
		};
/* End PBXResourcesBuildPhase section */

/* Begin PBXShellScriptBuildPhase section */
		5DD7250FC7BE83B5F9D2DB5F /* [CP] Check Pods Manifest.lock */ = {
			isa = PBXShellScriptBuildPhase;
			buildActionMask = 2147483647;
			files = (
			);
			inputPaths = (
				"${PODS_PODFILE_DIR_PATH}/Podfile.lock",
				"${PODS_ROOT}/Manifest.lock",
			);
			name = "[CP] Check Pods Manifest.lock";
			outputPaths = (
				"$(DERIVED_FILE_DIR)/Pods-Space Game-checkManifestLockResult.txt",
			);
			runOnlyForDeploymentPostprocessing = 0;
			shellPath = /bin/sh;
			shellScript = "diff \"${PODS_PODFILE_DIR_PATH}/Podfile.lock\" \"${PODS_ROOT}/Manifest.lock\" > /dev/null\nif [ $? != 0 ] ; then\n    # print error to STDERR\n    echo \"error: The sandbox is not in sync with the Podfile.lock. Run 'pod install' or update your CocoaPods installation.\" >&2\n    exit 1\nfi\n# This output is used by Xcode 'outputs' to avoid re-running this script phase.\necho \"SUCCESS\" > \"${SCRIPT_OUTPUT_FILE_0}\"\n";
			showEnvVarsInLog = 0;
		};
		6236164E1896624E4B67E530 /* [CP] Embed Pods Frameworks */ = {
			isa = PBXShellScriptBuildPhase;
			buildActionMask = 2147483647;
			files = (
			);
			inputPaths = (
			);
			name = "[CP] Embed Pods Frameworks";
			outputPaths = (
			);
			runOnlyForDeploymentPostprocessing = 0;
			shellPath = /bin/sh;
			shellScript = "\"${SRCROOT}/Pods/Target Support Files/Pods-Space GameUITests/Pods-Space GameUITests-frameworks.sh\"\n";
			showEnvVarsInLog = 0;
		};
		7AF5E2A944489B325067ED4E /* [CP] Check Pods Manifest.lock */ = {
			isa = PBXShellScriptBuildPhase;
			buildActionMask = 2147483647;
			files = (
			);
			inputPaths = (
				"${PODS_PODFILE_DIR_PATH}/Podfile.lock",
				"${PODS_ROOT}/Manifest.lock",
			);
			name = "[CP] Check Pods Manifest.lock";
			outputPaths = (
				"$(DERIVED_FILE_DIR)/Pods-Space GameTests-checkManifestLockResult.txt",
			);
			runOnlyForDeploymentPostprocessing = 0;
			shellPath = /bin/sh;
			shellScript = "diff \"${PODS_PODFILE_DIR_PATH}/Podfile.lock\" \"${PODS_ROOT}/Manifest.lock\" > /dev/null\nif [ $? != 0 ] ; then\n    # print error to STDERR\n    echo \"error: The sandbox is not in sync with the Podfile.lock. Run 'pod install' or update your CocoaPods installation.\" >&2\n    exit 1\nfi\n# This output is used by Xcode 'outputs' to avoid re-running this script phase.\necho \"SUCCESS\" > \"${SCRIPT_OUTPUT_FILE_0}\"\n";
			showEnvVarsInLog = 0;
		};
		A210DC909FA9C42E4EFAD5D7 /* [CP] Copy Pods Resources */ = {
			isa = PBXShellScriptBuildPhase;
			buildActionMask = 2147483647;
			files = (
			);
			inputPaths = (
			);
			name = "[CP] Copy Pods Resources";
			outputPaths = (
			);
			runOnlyForDeploymentPostprocessing = 0;
			shellPath = /bin/sh;
			shellScript = "\"${SRCROOT}/Pods/Target Support Files/Pods-Space Game/Pods-Space Game-resources.sh\"\n";
			showEnvVarsInLog = 0;
		};
		BA35368404FD51FA072066FD /* [CP] Copy Pods Resources */ = {
			isa = PBXShellScriptBuildPhase;
			buildActionMask = 2147483647;
			files = (
			);
			inputPaths = (
			);
			name = "[CP] Copy Pods Resources";
			outputPaths = (
			);
			runOnlyForDeploymentPostprocessing = 0;
			shellPath = /bin/sh;
			shellScript = "\"${SRCROOT}/Pods/Target Support Files/Pods-Space GameUITests/Pods-Space GameUITests-resources.sh\"\n";
			showEnvVarsInLog = 0;
		};
		CCC0C47A55B4132753B143F7 /* [CP] Copy Pods Resources */ = {
			isa = PBXShellScriptBuildPhase;
			buildActionMask = 2147483647;
			files = (
			);
			inputPaths = (
			);
			name = "[CP] Copy Pods Resources";
			outputPaths = (
			);
			runOnlyForDeploymentPostprocessing = 0;
			shellPath = /bin/sh;
			shellScript = "\"${SRCROOT}/Pods/Target Support Files/Pods-Space GameTests/Pods-Space GameTests-resources.sh\"\n";
			showEnvVarsInLog = 0;
		};
		D549D4B599C3DC8E91E5D89A /* [CP] Check Pods Manifest.lock */ = {
			isa = PBXShellScriptBuildPhase;
			buildActionMask = 2147483647;
			files = (
			);
			inputPaths = (
				"${PODS_PODFILE_DIR_PATH}/Podfile.lock",
				"${PODS_ROOT}/Manifest.lock",
			);
			name = "[CP] Check Pods Manifest.lock";
			outputPaths = (
				"$(DERIVED_FILE_DIR)/Pods-Space GameUITests-checkManifestLockResult.txt",
			);
			runOnlyForDeploymentPostprocessing = 0;
			shellPath = /bin/sh;
			shellScript = "diff \"${PODS_PODFILE_DIR_PATH}/Podfile.lock\" \"${PODS_ROOT}/Manifest.lock\" > /dev/null\nif [ $? != 0 ] ; then\n    # print error to STDERR\n    echo \"error: The sandbox is not in sync with the Podfile.lock. Run 'pod install' or update your CocoaPods installation.\" >&2\n    exit 1\nfi\n# This output is used by Xcode 'outputs' to avoid re-running this script phase.\necho \"SUCCESS\" > \"${SCRIPT_OUTPUT_FILE_0}\"\n";
			showEnvVarsInLog = 0;
		};
		DED79348D022B4CA69308A89 /* [CP] Embed Pods Frameworks */ = {
			isa = PBXShellScriptBuildPhase;
			buildActionMask = 2147483647;
			files = (
			);
			inputPaths = (
			);
			name = "[CP] Embed Pods Frameworks";
			outputPaths = (
			);
			runOnlyForDeploymentPostprocessing = 0;
			shellPath = /bin/sh;
			shellScript = "\"${SRCROOT}/Pods/Target Support Files/Pods-Space Game/Pods-Space Game-frameworks.sh\"\n";
			showEnvVarsInLog = 0;
		};
		F4F09BC2135DDD32B87A08AF /* [CP] Embed Pods Frameworks */ = {
			isa = PBXShellScriptBuildPhase;
			buildActionMask = 2147483647;
			files = (
			);
			inputPaths = (
			);
			name = "[CP] Embed Pods Frameworks";
			outputPaths = (
			);
			runOnlyForDeploymentPostprocessing = 0;
			shellPath = /bin/sh;
			shellScript = "\"${SRCROOT}/Pods/Target Support Files/Pods-Space GameTests/Pods-Space GameTests-frameworks.sh\"\n";
			showEnvVarsInLog = 0;
		};
/* End PBXShellScriptBuildPhase section */

/* Begin PBXSourcesBuildPhase section */
		22EE2EDD1DDC0D98003188BD /* Sources */ = {
			isa = PBXSourcesBuildPhase;
			buildActionMask = 2147483647;
			files = (
				22EE2EED1DDC0D99003188BD /* GameViewController.swift in Sources */,
				224880571E10CB14003E732E /* MainMenuViewController.swift in Sources */,
				22EE2EE51DDC0D99003188BD /* AppDelegate.swift in Sources */,
				224880591E10CB34003E732E /* GameOverViewController.swift in Sources */,
				226A97B31E1DDF6A0096515A /* Assets.swift in Sources */,
				220D8D191E1BB55700AC46FE /* Asteroid.swift in Sources */,
				22CAF7261E8E51400024C89B /* FallingNode.swift in Sources */,
				22E432871E20B37E00E22BF4 /* PlayerSprite.swift in Sources */,
				2248806B1E1612C3003E732E /* GameScene.swift in Sources */,
			);
			runOnlyForDeploymentPostprocessing = 0;
		};
		22EE2EF71DDC0D99003188BD /* Sources */ = {
			isa = PBXSourcesBuildPhase;
			buildActionMask = 2147483647;
			files = (
				22EE2F001DDC0D99003188BD /* Space_GameTests.swift in Sources */,
			);
			runOnlyForDeploymentPostprocessing = 0;
		};
		22EE2F021DDC0D99003188BD /* Sources */ = {
			isa = PBXSourcesBuildPhase;
			buildActionMask = 2147483647;
			files = (
				22EE2F0B1DDC0D99003188BD /* Space_GameUITests.swift in Sources */,
			);
			runOnlyForDeploymentPostprocessing = 0;
		};
/* End PBXSourcesBuildPhase section */

/* Begin PBXTargetDependency section */
		22EE2EFD1DDC0D99003188BD /* PBXTargetDependency */ = {
			isa = PBXTargetDependency;
			target = 22EE2EE01DDC0D98003188BD /* Astro Dash */;
			targetProxy = 22EE2EFC1DDC0D99003188BD /* PBXContainerItemProxy */;
		};
		22EE2F081DDC0D99003188BD /* PBXTargetDependency */ = {
			isa = PBXTargetDependency;
			target = 22EE2EE01DDC0D98003188BD /* Astro Dash */;
			targetProxy = 22EE2F071DDC0D99003188BD /* PBXContainerItemProxy */;
		};
/* End PBXTargetDependency section */

/* Begin PBXVariantGroup section */
		22EE2EEE1DDC0D99003188BD /* Main.storyboard */ = {
			isa = PBXVariantGroup;
			children = (
				22EE2EEF1DDC0D99003188BD /* Base */,
			);
			name = Main.storyboard;
			sourceTree = "<group>";
		};
/* End PBXVariantGroup section */

/* Begin XCBuildConfiguration section */
		22EE2F0D1DDC0D99003188BD /* Debug */ = {
			isa = XCBuildConfiguration;
			buildSettings = {
				ALWAYS_SEARCH_USER_PATHS = NO;
				CLANG_ANALYZER_NONNULL = YES;
				CLANG_CXX_LANGUAGE_STANDARD = "gnu++0x";
				CLANG_CXX_LIBRARY = "libc++";
				CLANG_ENABLE_MODULES = YES;
				CLANG_ENABLE_OBJC_ARC = YES;
				CLANG_WARN_BOOL_CONVERSION = YES;
				CLANG_WARN_CONSTANT_CONVERSION = YES;
				CLANG_WARN_DIRECT_OBJC_ISA_USAGE = YES_ERROR;
				CLANG_WARN_DOCUMENTATION_COMMENTS = YES;
				CLANG_WARN_EMPTY_BODY = YES;
				CLANG_WARN_ENUM_CONVERSION = YES;
				CLANG_WARN_INFINITE_RECURSION = YES;
				CLANG_WARN_INT_CONVERSION = YES;
				CLANG_WARN_OBJC_ROOT_CLASS = YES_ERROR;
				CLANG_WARN_SUSPICIOUS_MOVE = YES;
				CLANG_WARN_SUSPICIOUS_MOVES = YES;
				CLANG_WARN_UNREACHABLE_CODE = YES;
				CLANG_WARN__DUPLICATE_METHOD_MATCH = YES;
				"CODE_SIGN_IDENTITY[sdk=iphoneos*]" = "iPhone Developer";
				COPY_PHASE_STRIP = NO;
				DEBUG_INFORMATION_FORMAT = dwarf;
				ENABLE_STRICT_OBJC_MSGSEND = YES;
				ENABLE_TESTABILITY = YES;
				GCC_C_LANGUAGE_STANDARD = gnu99;
				GCC_DYNAMIC_NO_PIC = NO;
				GCC_NO_COMMON_BLOCKS = YES;
				GCC_OPTIMIZATION_LEVEL = 0;
				GCC_PREPROCESSOR_DEFINITIONS = (
					"DEBUG=1",
					"$(inherited)",
				);
				GCC_WARN_64_TO_32_BIT_CONVERSION = YES;
				GCC_WARN_ABOUT_RETURN_TYPE = YES_ERROR;
				GCC_WARN_UNDECLARED_SELECTOR = YES;
				GCC_WARN_UNINITIALIZED_AUTOS = YES_AGGRESSIVE;
				GCC_WARN_UNUSED_FUNCTION = YES;
				GCC_WARN_UNUSED_VARIABLE = YES;
				IPHONEOS_DEPLOYMENT_TARGET = 10.0;
				MTL_ENABLE_DEBUG_INFO = YES;
				ONLY_ACTIVE_ARCH = YES;
				SDKROOT = iphoneos;
				SWIFT_ACTIVE_COMPILATION_CONDITIONS = DEBUG;
				SWIFT_OPTIMIZATION_LEVEL = "-Onone";
				TARGETED_DEVICE_FAMILY = "1,2";
			};
			name = Debug;
		};
		22EE2F0E1DDC0D99003188BD /* Release */ = {
			isa = XCBuildConfiguration;
			buildSettings = {
				ALWAYS_SEARCH_USER_PATHS = NO;
				CLANG_ANALYZER_NONNULL = YES;
				CLANG_CXX_LANGUAGE_STANDARD = "gnu++0x";
				CLANG_CXX_LIBRARY = "libc++";
				CLANG_ENABLE_MODULES = YES;
				CLANG_ENABLE_OBJC_ARC = YES;
				CLANG_WARN_BOOL_CONVERSION = YES;
				CLANG_WARN_CONSTANT_CONVERSION = YES;
				CLANG_WARN_DIRECT_OBJC_ISA_USAGE = YES_ERROR;
				CLANG_WARN_DOCUMENTATION_COMMENTS = YES;
				CLANG_WARN_EMPTY_BODY = YES;
				CLANG_WARN_ENUM_CONVERSION = YES;
				CLANG_WARN_INFINITE_RECURSION = YES;
				CLANG_WARN_INT_CONVERSION = YES;
				CLANG_WARN_OBJC_ROOT_CLASS = YES_ERROR;
				CLANG_WARN_SUSPICIOUS_MOVE = YES;
				CLANG_WARN_SUSPICIOUS_MOVES = YES;
				CLANG_WARN_UNREACHABLE_CODE = YES;
				CLANG_WARN__DUPLICATE_METHOD_MATCH = YES;
				CODE_SIGN_IDENTITY = "iPhone Developer";
				"CODE_SIGN_IDENTITY[sdk=iphoneos*]" = "iPhone Developer";
				COPY_PHASE_STRIP = NO;
				DEBUG_INFORMATION_FORMAT = "dwarf-with-dsym";
				ENABLE_NS_ASSERTIONS = NO;
				ENABLE_STRICT_OBJC_MSGSEND = YES;
				GCC_C_LANGUAGE_STANDARD = gnu99;
				GCC_NO_COMMON_BLOCKS = YES;
				GCC_WARN_64_TO_32_BIT_CONVERSION = YES;
				GCC_WARN_ABOUT_RETURN_TYPE = YES_ERROR;
				GCC_WARN_UNDECLARED_SELECTOR = YES;
				GCC_WARN_UNINITIALIZED_AUTOS = YES_AGGRESSIVE;
				GCC_WARN_UNUSED_FUNCTION = YES;
				GCC_WARN_UNUSED_VARIABLE = YES;
				IPHONEOS_DEPLOYMENT_TARGET = 10.0;
				MTL_ENABLE_DEBUG_INFO = NO;
				SDKROOT = iphoneos;
				SWIFT_OPTIMIZATION_LEVEL = "-Owholemodule";
				TARGETED_DEVICE_FAMILY = "1,2";
				VALIDATE_PRODUCT = YES;
			};
			name = Release;
		};
		22EE2F101DDC0D99003188BD /* Debug */ = {
			isa = XCBuildConfiguration;
			baseConfigurationReference = 7FB1339CEEE71058ABC2B444 /* Pods-Space Game.debug.xcconfig */;
			buildSettings = {
				ASSETCATALOG_COMPILER_APPICON_NAME = AppIcon;
				DEVELOPMENT_TEAM = CPTJ8TDH92;
				INFOPLIST_FILE = "Space Game/Info.plist";
				IPHONEOS_DEPLOYMENT_TARGET = 10.0;
				LD_RUNPATH_SEARCH_PATHS = "$(inherited) @executable_path/Frameworks";
				PRODUCT_BUNDLE_IDENTIFIER = "com.mmonsivais.Space-Game";
				PRODUCT_NAME = "$(TARGET_NAME)";
				SWIFT_VERSION = 3.0;
				TARGETED_DEVICE_FAMILY = 1;
			};
			name = Debug;
		};
		22EE2F111DDC0D99003188BD /* Release */ = {
			isa = XCBuildConfiguration;
			baseConfigurationReference = 2B6215B5EC945B17D26D3F11 /* Pods-Space Game.release.xcconfig */;
			buildSettings = {
				ASSETCATALOG_COMPILER_APPICON_NAME = AppIcon;
				DEVELOPMENT_TEAM = CPTJ8TDH92;
				INFOPLIST_FILE = "Space Game/Info.plist";
				IPHONEOS_DEPLOYMENT_TARGET = 10.0;
				LD_RUNPATH_SEARCH_PATHS = "$(inherited) @executable_path/Frameworks";
				PRODUCT_BUNDLE_IDENTIFIER = "com.mmonsivais.Space-Game";
				PRODUCT_NAME = "$(TARGET_NAME)";
				SWIFT_VERSION = 3.0;
				TARGETED_DEVICE_FAMILY = 1;
			};
			name = Release;
		};
		22EE2F131DDC0D99003188BD /* Debug */ = {
			isa = XCBuildConfiguration;
			baseConfigurationReference = DF66165378E016C93E0F3BFC /* Pods-Space GameTests.debug.xcconfig */;
			buildSettings = {
				ALWAYS_EMBED_SWIFT_STANDARD_LIBRARIES = YES;
				BUNDLE_LOADER = "$(TEST_HOST)";
				DEVELOPMENT_TEAM = CPTJ8TDH92;
				INFOPLIST_FILE = "Space GameTests/Info.plist";
				LD_RUNPATH_SEARCH_PATHS = "$(inherited) @executable_path/Frameworks @loader_path/Frameworks";
				PRODUCT_BUNDLE_IDENTIFIER = "com.mhm.Space-GameTests";
				PRODUCT_NAME = "$(TARGET_NAME)";
				SWIFT_VERSION = 3.0;
				TEST_HOST = "$(BUILT_PRODUCTS_DIR)/Astro Dash.app/Astro Dash";
			};
			name = Debug;
		};
		22EE2F141DDC0D99003188BD /* Release */ = {
			isa = XCBuildConfiguration;
			baseConfigurationReference = 75AEF76A6AA17C0C2F3B6F6F /* Pods-Space GameTests.release.xcconfig */;
			buildSettings = {
				ALWAYS_EMBED_SWIFT_STANDARD_LIBRARIES = YES;
				BUNDLE_LOADER = "$(TEST_HOST)";
				DEVELOPMENT_TEAM = CPTJ8TDH92;
				INFOPLIST_FILE = "Space GameTests/Info.plist";
				LD_RUNPATH_SEARCH_PATHS = "$(inherited) @executable_path/Frameworks @loader_path/Frameworks";
				PRODUCT_BUNDLE_IDENTIFIER = "com.mhm.Space-GameTests";
				PRODUCT_NAME = "$(TARGET_NAME)";
				SWIFT_VERSION = 3.0;
				TEST_HOST = "$(BUILT_PRODUCTS_DIR)/Astro Dash.app/Astro Dash";
			};
			name = Release;
		};
		22EE2F161DDC0D99003188BD /* Debug */ = {
			isa = XCBuildConfiguration;
			baseConfigurationReference = 2F323A13BB63EE13514F04EB /* Pods-Space GameUITests.debug.xcconfig */;
			buildSettings = {
				ALWAYS_EMBED_SWIFT_STANDARD_LIBRARIES = YES;
				DEVELOPMENT_TEAM = CPTJ8TDH92;
				INFOPLIST_FILE = "Space GameUITests/Info.plist";
				LD_RUNPATH_SEARCH_PATHS = "$(inherited) @executable_path/Frameworks @loader_path/Frameworks";
				PRODUCT_BUNDLE_IDENTIFIER = "com.mhm.Space-GameUITests";
				PRODUCT_NAME = "$(TARGET_NAME)";
				SWIFT_VERSION = 3.0;
				TEST_TARGET_NAME = "Space Game";
			};
			name = Debug;
		};
		22EE2F171DDC0D99003188BD /* Release */ = {
			isa = XCBuildConfiguration;
			baseConfigurationReference = 282366C8B0D2E462FA6DFA6A /* Pods-Space GameUITests.release.xcconfig */;
			buildSettings = {
				ALWAYS_EMBED_SWIFT_STANDARD_LIBRARIES = YES;
				DEVELOPMENT_TEAM = CPTJ8TDH92;
				INFOPLIST_FILE = "Space GameUITests/Info.plist";
				LD_RUNPATH_SEARCH_PATHS = "$(inherited) @executable_path/Frameworks @loader_path/Frameworks";
				PRODUCT_BUNDLE_IDENTIFIER = "com.mhm.Space-GameUITests";
				PRODUCT_NAME = "$(TARGET_NAME)";
				SWIFT_VERSION = 3.0;
				TEST_TARGET_NAME = "Space Game";
			};
			name = Release;
		};
/* End XCBuildConfiguration section */

/* Begin XCConfigurationList section */
		22EE2EDC1DDC0D98003188BD /* Build configuration list for PBXProject "Astro Dash" */ = {
			isa = XCConfigurationList;
			buildConfigurations = (
				22EE2F0D1DDC0D99003188BD /* Debug */,
				22EE2F0E1DDC0D99003188BD /* Release */,
			);
			defaultConfigurationIsVisible = 0;
			defaultConfigurationName = Release;
		};
		22EE2F0F1DDC0D99003188BD /* Build configuration list for PBXNativeTarget "Astro Dash" */ = {
			isa = XCConfigurationList;
			buildConfigurations = (
				22EE2F101DDC0D99003188BD /* Debug */,
				22EE2F111DDC0D99003188BD /* Release */,
			);
			defaultConfigurationIsVisible = 0;
			defaultConfigurationName = Release;
		};
		22EE2F121DDC0D99003188BD /* Build configuration list for PBXNativeTarget "Astro DashTests" */ = {
			isa = XCConfigurationList;
			buildConfigurations = (
				22EE2F131DDC0D99003188BD /* Debug */,
				22EE2F141DDC0D99003188BD /* Release */,
			);
			defaultConfigurationIsVisible = 0;
			defaultConfigurationName = Release;
		};
		22EE2F151DDC0D99003188BD /* Build configuration list for PBXNativeTarget "Astro DashUITests" */ = {
			isa = XCConfigurationList;
			buildConfigurations = (
				22EE2F161DDC0D99003188BD /* Debug */,
				22EE2F171DDC0D99003188BD /* Release */,
			);
			defaultConfigurationIsVisible = 0;
			defaultConfigurationName = Release;
		};
/* End XCConfigurationList section */
	};
	rootObject = 22EE2ED91DDC0D98003188BD /* Project object */;
}
